Microsoft Visual Studio Solution File, Format Version 12.00
# Visual Studio 2012
Project("{FAE04EC0-301F-11D3-BF4B-00C04F79EFBC}") = "HockeySDK-XamarinDemo", "HockeySDK-XamarinDemo\HockeySDK-XamarinDemo.csproj", "{0D8B3F90-2A11-4F9C-A208-6A1F2C64AD2D}"
EndProject
Project("{FAE04EC0-301F-11D3-BF4B-00C04F79EFBC}") = "HockeySDK-XamarinDemo.iOS", "iOS\HockeySDK-XamarinDemo.iOS.csproj", "{74EDEA2E-A71A-40A1-AC08-2834FAF8B173}"
EndProject
Project("{FAE04EC0-301F-11D3-BF4B-00C04F79EFBC}") = "HockeySDK-XamarinDemo.Droid", "Droid\HockeySDK-XamarinDemo.Droid.csproj", "{8F2298DA-65FD-4647-B7A2-9EC978D93BCC}"
EndProject
Project("{FAE04EC0-301F-11D3-BF4B-00C04F79EFBC}") = "HockeySDK-XamarinDemo.UITests", "UITests\HockeySDK-XamarinDemo.UITests.csproj", "{F000B812-B187-46BD-895E-6CF0FC679296}"
EndProject
Project("{FAE04EC0-301F-11D3-BF4B-00C04F79EFBC}") = "HockeySDK-XamarinDemo.NativeJavaBinding", "NativeJavaBinding\HockeySDK-XamarinDemo.NativeJavaBinding.csproj", "{01F75A17-B497-4D3E-B278-6F81F209FF14}"
EndProject
Global
	GlobalSection(SolutionConfigurationPlatforms) = preSolution
		Debug|Any CPU = Debug|Any CPU
		Release|Any CPU = Release|Any CPU
		Debug|iPhoneSimulator = Debug|iPhoneSimulator
		Release|iPhone = Release|iPhone
		Release|iPhoneSimulator = Release|iPhoneSimulator
		Debug|iPhone = Debug|iPhone
		Debug+Insights|Any CPU = Debug+Insights|Any CPU
		Debug+HockeyApp|Any CPU = Debug+HockeyApp|Any CPU
		Debug+Insights|iPhone = Debug+Insights|iPhone
		Debug+Insights|iPhoneSimulator = Debug+Insights|iPhoneSimulator
		Debug+HockeyApp|iPhone = Debug+HockeyApp|iPhone
		Debug+HockeyApp|iPhoneSimulator = Debug+HockeyApp|iPhoneSimulator
	EndGlobalSection
	GlobalSection(ProjectConfigurationPlatforms) = postSolution
		{01F75A17-B497-4D3E-B278-6F81F209FF14}.Debug|Any CPU.ActiveCfg = Debug|Any CPU
		{01F75A17-B497-4D3E-B278-6F81F209FF14}.Debug|Any CPU.Build.0 = Debug|Any CPU
		{01F75A17-B497-4D3E-B278-6F81F209FF14}.Debug|iPhone.ActiveCfg = Debug|Any CPU
		{01F75A17-B497-4D3E-B278-6F81F209FF14}.Debug|iPhone.Build.0 = Debug|Any CPU
		{01F75A17-B497-4D3E-B278-6F81F209FF14}.Debug|iPhoneSimulator.ActiveCfg = Debug|Any CPU
		{01F75A17-B497-4D3E-B278-6F81F209FF14}.Debug|iPhoneSimulator.Build.0 = Debug|Any CPU
		{01F75A17-B497-4D3E-B278-6F81F209FF14}.Debug+HockeyApp|Any CPU.ActiveCfg = Debug|Any CPU
		{01F75A17-B497-4D3E-B278-6F81F209FF14}.Debug+HockeyApp|Any CPU.Build.0 = Debug|Any CPU
		{01F75A17-B497-4D3E-B278-6F81F209FF14}.Debug+HockeyApp|iPhone.ActiveCfg = Debug|Any CPU
		{01F75A17-B497-4D3E-B278-6F81F209FF14}.Debug+HockeyApp|iPhone.Build.0 = Debug|Any CPU
		{01F75A17-B497-4D3E-B278-6F81F209FF14}.Debug+HockeyApp|iPhoneSimulator.ActiveCfg = Debug|Any CPU
		{01F75A17-B497-4D3E-B278-6F81F209FF14}.Debug+HockeyApp|iPhoneSimulator.Build.0 = Debug|Any CPU
		{01F75A17-B497-4D3E-B278-6F81F209FF14}.Debug+Insights|Any CPU.ActiveCfg = Debug|Any CPU
		{01F75A17-B497-4D3E-B278-6F81F209FF14}.Debug+Insights|Any CPU.Build.0 = Debug|Any CPU
		{01F75A17-B497-4D3E-B278-6F81F209FF14}.Debug+Insights|iPhone.ActiveCfg = Debug|Any CPU
		{01F75A17-B497-4D3E-B278-6F81F209FF14}.Debug+Insights|iPhone.Build.0 = Debug|Any CPU
		{01F75A17-B497-4D3E-B278-6F81F209FF14}.Debug+Insights|iPhoneSimulator.ActiveCfg = Debug|Any CPU
		{01F75A17-B497-4D3E-B278-6F81F209FF14}.Debug+Insights|iPhoneSimulator.Build.0 = Debug|Any CPU
		{01F75A17-B497-4D3E-B278-6F81F209FF14}.Release|Any CPU.ActiveCfg = Release|Any CPU
		{01F75A17-B497-4D3E-B278-6F81F209FF14}.Release|Any CPU.Build.0 = Release|Any CPU
		{01F75A17-B497-4D3E-B278-6F81F209FF14}.Release|iPhone.ActiveCfg = Release|Any CPU
		{01F75A17-B497-4D3E-B278-6F81F209FF14}.Release|iPhone.Build.0 = Release|Any CPU
		{01F75A17-B497-4D3E-B278-6F81F209FF14}.Release|iPhoneSimulator.ActiveCfg = Release|Any CPU
		{01F75A17-B497-4D3E-B278-6F81F209FF14}.Release|iPhoneSimulator.Build.0 = Release|Any CPU
		{0D8B3F90-2A11-4F9C-A208-6A1F2C64AD2D}.Debug|Any CPU.ActiveCfg = Debug|Any CPU
		{0D8B3F90-2A11-4F9C-A208-6A1F2C64AD2D}.Debug|Any CPU.Build.0 = Debug|Any CPU
		{0D8B3F90-2A11-4F9C-A208-6A1F2C64AD2D}.Debug|iPhone.ActiveCfg = Debug|Any CPU
		{0D8B3F90-2A11-4F9C-A208-6A1F2C64AD2D}.Debug|iPhone.Build.0 = Debug|Any CPU
		{0D8B3F90-2A11-4F9C-A208-6A1F2C64AD2D}.Debug|iPhoneSimulator.ActiveCfg = Debug|Any CPU
		{0D8B3F90-2A11-4F9C-A208-6A1F2C64AD2D}.Debug|iPhoneSimulator.Build.0 = Debug|Any CPU
		{0D8B3F90-2A11-4F9C-A208-6A1F2C64AD2D}.Debug+HockeyApp|Any CPU.ActiveCfg = Debug+HockeyApp|Any CPU
		{0D8B3F90-2A11-4F9C-A208-6A1F2C64AD2D}.Debug+HockeyApp|Any CPU.Build.0 = Debug+HockeyApp|Any CPU
		{0D8B3F90-2A11-4F9C-A208-6A1F2C64AD2D}.Debug+HockeyApp|iPhone.ActiveCfg = Debug+HockeyApp|Any CPU
		{0D8B3F90-2A11-4F9C-A208-6A1F2C64AD2D}.Debug+HockeyApp|iPhone.Build.0 = Debug+HockeyApp|Any CPU
		{0D8B3F90-2A11-4F9C-A208-6A1F2C64AD2D}.Debug+HockeyApp|iPhoneSimulator.ActiveCfg = Debug+HockeyApp|Any CPU
		{0D8B3F90-2A11-4F9C-A208-6A1F2C64AD2D}.Debug+HockeyApp|iPhoneSimulator.Build.0 = Debug+HockeyApp|Any CPU
		{0D8B3F90-2A11-4F9C-A208-6A1F2C64AD2D}.Debug+Insights|Any CPU.ActiveCfg = Debug+Insights|Any CPU
		{0D8B3F90-2A11-4F9C-A208-6A1F2C64AD2D}.Debug+Insights|Any CPU.Build.0 = Debug+Insights|Any CPU
		{0D8B3F90-2A11-4F9C-A208-6A1F2C64AD2D}.Debug+Insights|iPhone.ActiveCfg = Debug+Insights|Any CPU
		{0D8B3F90-2A11-4F9C-A208-6A1F2C64AD2D}.Debug+Insights|iPhone.Build.0 = Debug+Insights|Any CPU
		{0D8B3F90-2A11-4F9C-A208-6A1F2C64AD2D}.Debug+Insights|iPhoneSimulator.ActiveCfg = Debug+Insights|Any CPU
		{0D8B3F90-2A11-4F9C-A208-6A1F2C64AD2D}.Debug+Insights|iPhoneSimulator.Build.0 = Debug+Insights|Any CPU
		{0D8B3F90-2A11-4F9C-A208-6A1F2C64AD2D}.Release|Any CPU.ActiveCfg = Release|Any CPU
		{0D8B3F90-2A11-4F9C-A208-6A1F2C64AD2D}.Release|Any CPU.Build.0 = Release|Any CPU
		{0D8B3F90-2A11-4F9C-A208-6A1F2C64AD2D}.Release|iPhone.ActiveCfg = Release|Any CPU
		{0D8B3F90-2A11-4F9C-A208-6A1F2C64AD2D}.Release|iPhone.Build.0 = Release|Any CPU
		{0D8B3F90-2A11-4F9C-A208-6A1F2C64AD2D}.Release|iPhoneSimulator.ActiveCfg = Release|Any CPU
		{0D8B3F90-2A11-4F9C-A208-6A1F2C64AD2D}.Release|iPhoneSimulator.Build.0 = Release|Any CPU
		{74EDEA2E-A71A-40A1-AC08-2834FAF8B173}.Debug|Any CPU.ActiveCfg = Debug|iPhoneSimulator
		{74EDEA2E-A71A-40A1-AC08-2834FAF8B173}.Debug|Any CPU.Build.0 = Debug|iPhoneSimulator
		{74EDEA2E-A71A-40A1-AC08-2834FAF8B173}.Debug|iPhone.ActiveCfg = Debug|iPhone
		{74EDEA2E-A71A-40A1-AC08-2834FAF8B173}.Debug|iPhone.Build.0 = Debug|iPhone
		{74EDEA2E-A71A-40A1-AC08-2834FAF8B173}.Debug|iPhoneSimulator.ActiveCfg = Debug|iPhoneSimulator
		{74EDEA2E-A71A-40A1-AC08-2834FAF8B173}.Debug|iPhoneSimulator.Build.0 = Debug|iPhoneSimulator
		{74EDEA2E-A71A-40A1-AC08-2834FAF8B173}.Debug+HockeyApp|Any CPU.ActiveCfg = Debug+HockeyApp|iPhoneSimulator
		{74EDEA2E-A71A-40A1-AC08-2834FAF8B173}.Debug+HockeyApp|Any CPU.Build.0 = Debug+HockeyApp|iPhoneSimulator
		{74EDEA2E-A71A-40A1-AC08-2834FAF8B173}.Debug+HockeyApp|iPhone.ActiveCfg = Debug+HockeyApp|iPhone
		{74EDEA2E-A71A-40A1-AC08-2834FAF8B173}.Debug+HockeyApp|iPhone.Build.0 = Debug+HockeyApp|iPhone
		{74EDEA2E-A71A-40A1-AC08-2834FAF8B173}.Debug+HockeyApp|iPhoneSimulator.ActiveCfg = Debug+HockeyApp|iPhoneSimulator
		{74EDEA2E-A71A-40A1-AC08-2834FAF8B173}.Debug+HockeyApp|iPhoneSimulator.Build.0 = Debug+HockeyApp|iPhoneSimulator
		{74EDEA2E-A71A-40A1-AC08-2834FAF8B173}.Debug+Insights|Any CPU.ActiveCfg = Debug+Insights|iPhoneSimulator
		{74EDEA2E-A71A-40A1-AC08-2834FAF8B173}.Debug+Insights|Any CPU.Build.0 = Debug+Insights|iPhoneSimulator
		{74EDEA2E-A71A-40A1-AC08-2834FAF8B173}.Debug+Insights|iPhone.ActiveCfg = Debug+Insights|iPhone
		{74EDEA2E-A71A-40A1-AC08-2834FAF8B173}.Debug+Insights|iPhone.Build.0 = Debug+Insights|iPhone
		{74EDEA2E-A71A-40A1-AC08-2834FAF8B173}.Debug+Insights|iPhoneSimulator.ActiveCfg = Debug+Insights|iPhoneSimulator
		{74EDEA2E-A71A-40A1-AC08-2834FAF8B173}.Debug+Insights|iPhoneSimulator.Build.0 = Debug+Insights|iPhoneSimulator
		{74EDEA2E-A71A-40A1-AC08-2834FAF8B173}.Release|Any CPU.ActiveCfg = Release|iPhone
		{74EDEA2E-A71A-40A1-AC08-2834FAF8B173}.Release|Any CPU.Build.0 = Release|iPhone
		{74EDEA2E-A71A-40A1-AC08-2834FAF8B173}.Release|iPhone.ActiveCfg = Release|iPhone
		{74EDEA2E-A71A-40A1-AC08-2834FAF8B173}.Release|iPhone.Build.0 = Release|iPhone
		{74EDEA2E-A71A-40A1-AC08-2834FAF8B173}.Release|iPhoneSimulator.ActiveCfg = Release|iPhoneSimulator
		{74EDEA2E-A71A-40A1-AC08-2834FAF8B173}.Release|iPhoneSimulator.Build.0 = Release|iPhoneSimulator
		{8F2298DA-65FD-4647-B7A2-9EC978D93BCC}.Debug|Any CPU.ActiveCfg = Debug|Any CPU
		{8F2298DA-65FD-4647-B7A2-9EC978D93BCC}.Debug|Any CPU.Build.0 = Debug|Any CPU
		{8F2298DA-65FD-4647-B7A2-9EC978D93BCC}.Debug|iPhone.ActiveCfg = Debug|Any CPU
		{8F2298DA-65FD-4647-B7A2-9EC978D93BCC}.Debug|iPhone.Build.0 = Debug|Any CPU
		{8F2298DA-65FD-4647-B7A2-9EC978D93BCC}.Debug|iPhoneSimulator.ActiveCfg = Debug|Any CPU
		{8F2298DA-65FD-4647-B7A2-9EC978D93BCC}.Debug|iPhoneSimulator.Build.0 = Debug|Any CPU
		{8F2298DA-65FD-4647-B7A2-9EC978D93BCC}.Debug+HockeyApp|Any CPU.ActiveCfg = Debug+HockeyApp|Any CPU
		{8F2298DA-65FD-4647-B7A2-9EC978D93BCC}.Debug+HockeyApp|Any CPU.Build.0 = Debug+HockeyApp|Any CPU
		{8F2298DA-65FD-4647-B7A2-9EC978D93BCC}.Debug+HockeyApp|iPhone.ActiveCfg = Debug+HockeyApp|Any CPU
		{8F2298DA-65FD-4647-B7A2-9EC978D93BCC}.Debug+HockeyApp|iPhone.Build.0 = Debug+HockeyApp|Any CPU
		{8F2298DA-65FD-4647-B7A2-9EC978D93BCC}.Debug+HockeyApp|iPhoneSimulator.ActiveCfg = Debug+HockeyApp|Any CPU
		{8F2298DA-65FD-4647-B7A2-9EC978D93BCC}.Debug+HockeyApp|iPhoneSimulator.Build.0 = Debug+HockeyApp|Any CPU
		{8F2298DA-65FD-4647-B7A2-9EC978D93BCC}.Debug+Insights|Any CPU.ActiveCfg = Debug+Insights|Any CPU
		{8F2298DA-65FD-4647-B7A2-9EC978D93BCC}.Debug+Insights|Any CPU.Build.0 = Debug+Insights|Any CPU
		{8F2298DA-65FD-4647-B7A2-9EC978D93BCC}.Debug+Insights|iPhone.ActiveCfg = Debug+Insights|Any CPU
		{8F2298DA-65FD-4647-B7A2-9EC978D93BCC}.Debug+Insights|iPhone.Build.0 = Debug+Insights|Any CPU
		{8F2298DA-65FD-4647-B7A2-9EC978D93BCC}.Debug+Insights|iPhoneSimulator.ActiveCfg = Debug+Insights|Any CPU
		{8F2298DA-65FD-4647-B7A2-9EC978D93BCC}.Debug+Insights|iPhoneSimulator.Build.0 = Debug+Insights|Any CPU
		{8F2298DA-65FD-4647-B7A2-9EC978D93BCC}.Release|Any CPU.ActiveCfg = Release|Any CPU
		{8F2298DA-65FD-4647-B7A2-9EC978D93BCC}.Release|Any CPU.Build.0 = Release|Any CPU
		{8F2298DA-65FD-4647-B7A2-9EC978D93BCC}.Release|iPhone.ActiveCfg = Release|Any CPU
		{8F2298DA-65FD-4647-B7A2-9EC978D93BCC}.Release|iPhone.Build.0 = Release|Any CPU
		{8F2298DA-65FD-4647-B7A2-9EC978D93BCC}.Release|iPhoneSimulator.ActiveCfg = Release|Any CPU
		{8F2298DA-65FD-4647-B7A2-9EC978D93BCC}.Release|iPhoneSimulator.Build.0 = Release|Any CPU
		{F000B812-B187-46BD-895E-6CF0FC679296}.Debug|Any CPU.ActiveCfg = Debug|Any CPU
		{F000B812-B187-46BD-895E-6CF0FC679296}.Debug|Any CPU.Build.0 = Debug|Any CPU
		{F000B812-B187-46BD-895E-6CF0FC679296}.Debug|iPhone.ActiveCfg = Debug|Any CPU
		{F000B812-B187-46BD-895E-6CF0FC679296}.Debug|iPhone.Build.0 = Debug|Any CPU
		{F000B812-B187-46BD-895E-6CF0FC679296}.Debug|iPhoneSimulator.ActiveCfg = Debug|Any CPU
		{F000B812-B187-46BD-895E-6CF0FC679296}.Debug|iPhoneSimulator.Build.0 = Debug|Any CPU
		{F000B812-B187-46BD-895E-6CF0FC679296}.Debug+HockeyApp|Any CPU.ActiveCfg = Debug+HockeyApp|Any CPU
		{F000B812-B187-46BD-895E-6CF0FC679296}.Debug+HockeyApp|Any CPU.Build.0 = Debug+HockeyApp|Any CPU
		{F000B812-B187-46BD-895E-6CF0FC679296}.Debug+HockeyApp|iPhone.ActiveCfg = Debug+HockeyApp|Any CPU
		{F000B812-B187-46BD-895E-6CF0FC679296}.Debug+HockeyApp|iPhone.Build.0 = Debug+HockeyApp|Any CPU
		{F000B812-B187-46BD-895E-6CF0FC679296}.Debug+HockeyApp|iPhoneSimulator.ActiveCfg = Debug+HockeyApp|Any CPU
		{F000B812-B187-46BD-895E-6CF0FC679296}.Debug+HockeyApp|iPhoneSimulator.Build.0 = Debug+HockeyApp|Any CPU
		{F000B812-B187-46BD-895E-6CF0FC679296}.Debug+Insights|Any CPU.ActiveCfg = Debug+Insights|Any CPU
		{F000B812-B187-46BD-895E-6CF0FC679296}.Debug+Insights|Any CPU.Build.0 = Debug+Insights|Any CPU
		{F000B812-B187-46BD-895E-6CF0FC679296}.Debug+Insights|iPhone.ActiveCfg = Debug+Insights|Any CPU
		{F000B812-B187-46BD-895E-6CF0FC679296}.Debug+Insights|iPhone.Build.0 = Debug+Insights|Any CPU
		{F000B812-B187-46BD-895E-6CF0FC679296}.Debug+Insights|iPhoneSimulator.ActiveCfg = Debug+Insights|Any CPU
		{F000B812-B187-46BD-895E-6CF0FC679296}.Debug+Insights|iPhoneSimulator.Build.0 = Debug+Insights|Any CPU
		{F000B812-B187-46BD-895E-6CF0FC679296}.Release|Any CPU.ActiveCfg = Release|Any CPU
		{F000B812-B187-46BD-895E-6CF0FC679296}.Release|Any CPU.Build.0 = Release|Any CPU
		{F000B812-B187-46BD-895E-6CF0FC679296}.Release|iPhone.ActiveCfg = Release|Any CPU
		{F000B812-B187-46BD-895E-6CF0FC679296}.Release|iPhone.Build.0 = Release|Any CPU
		{F000B812-B187-46BD-895E-6CF0FC679296}.Release|iPhoneSimulator.ActiveCfg = Release|Any CPU
		{F000B812-B187-46BD-895E-6CF0FC679296}.Release|iPhoneSimulator.Build.0 = Release|Any CPU
	EndGlobalSection
EndGlobal
